{
    "_meta": {
        "hash": {
            "sha256": "88cffe2421adb222f626ba14b71f0f6bbd1e443223efdf875f991296527b2350"
        },
        "host-environment-markers": {
            "implementation_name": "cpython",
            "implementation_version": "3.6.1",
            "os_name": "posix",
            "platform_machine": "x86_64",
            "platform_python_implementation": "CPython",
            "platform_release": "17.3.0",
            "platform_system": "Darwin",
            "platform_version": "Darwin Kernel Version 17.3.0: Thu Nov  9 18:09:22 PST 2017; root:xnu-4570.31.3~1/RELEASE_X86_64",
            "python_full_version": "3.6.1",
            "python_version": "3.6",
            "sys_platform": "darwin"
        },
        "pipfile-spec": 6,
        "requires": {
            "python_version": "3.6"
        },
        "sources": [
            {
                "name": "pypi",
                "url": "https://pypi.python.org/simple",
                "verify_ssl": true
            }
        ]
    },
    "default": {
        "django": {
            "hashes": [],
            "version": "==2.0.1"
        },
        "django-ckeditor": {
            "hashes": [],
            "version": "==5.4.0"
        },
        "django-cors-headers": {
            "hashes": [],
            "version": "==2.1.0"
        },
        "django-js-asset": {
            "hashes": [],
            "version": "==0.1.1"
        },
        "django-taggit": {
            "hashes": [],
            "version": "==0.22.2"
        },
        "libgravatar": {
            "hashes": [],
            "version": "==0.2.2"
        },
        "mysqlclient": {
            "hashes": [],
            "version": "==1.3.12"
        },
        "pyjwt": {
            "hashes": [],
            "version": "==1.5.3"
        },
        "pytz": {
            "hashes": [],
            "version": "==2017.3"
        }
    },
    "develop": {}
}
